
Microsoft Visual Studio Solution File, Format Version 12.00
# Visual Studio Version 16
VisualStudioVersion = 16.0.30717.126
MinimumVisualStudioVersion = 10.0.40219.1
Project("{FAE04EC0-301F-11D3-BF4B-00C04F79EFBC}") = "winform-friend", "winform-friend\winform-friend.csproj", "{65994D9D-E426-41B0-B982-5EE6D3B3FA9F}"
EndProject
Global
	GlobalSection(SolutionConfigurationPlatforms) = preSolution
		Debug|Any CPU = Debug|Any CPU
		Release|Any CPU = Release|Any CPU
	EndGlobalSection
	GlobalSection(ProjectConfigurationPlatforms) = postSolution
		{65994D9D-E426-41B0-B982-5EE6D3B3FA9F}.Debug|Any CPU.ActiveCfg = Debug|Any CPU
		{65994D9D-E426-41B0-B982-5EE6D3B3FA9F}.Debug|Any CPU.Build.0 = Debug|Any CPU
		{65994D9D-E426-41B0-B982-5EE6D3B3FA9F}.Release|Any CPU.ActiveCfg = Release|Any CPU
		{65994D9D-E426-41B0-B982-5EE6D3B3FA9F}.Release|Any CPU.Build.0 = Release|Any CPU
	EndGlobalSection
	GlobalSection(SolutionProperties) = preSolution
		HideSolutionNode = FALSE
	EndGlobalSection
	GlobalSection(ExtensibilityGlobals) = postSolution
		SolutionGuid = {ADCEAC90-651C-447E-87C7-65A195850976}
	EndGlobalSection
EndGlobal
